
Microsoft Visual Studio Solution File, Format Version 12.00
# Visual Studio Version 17
VisualStudioVersion = 17.8.34408.163
MinimumVisualStudioVersion = 10.0.40219.1
Project("{9A19103F-16F7-4668-BE54-9A1E7A4F7556}") = "StudyWeb", "StudyWeb.csproj", "{B09DEFA9-9C24-4FCE-95DB-8F53AFD98382}"
EndProject
Project("{9A19103F-16F7-4668-BE54-9A1E7A4F7556}") = "StudyDesk", "..\StudyDesk\StudyDesk.csproj", "{8789B8B3-A99A-4474-96DB-BF3DD3FE730E}"
EndProject
Project("{FAE04EC0-301F-11D3-BF4B-00C04F79EFBC}") = "StudyHallTests", "..\StudyHallTests\StudyHallTests.csproj", "{8A10E8DE-39FE-477A-9BB0-C9382A929E3A}"
EndProject
Global
	GlobalSection(SolutionConfigurationPlatforms) = preSolution
		Debug|Any CPU = Debug|Any CPU
		Release|Any CPU = Release|Any CPU
	EndGlobalSection
	GlobalSection(ProjectConfigurationPlatforms) = postSolution
		{B09DEFA9-9C24-4FCE-95DB-8F53AFD98382}.Debug|Any CPU.ActiveCfg = Debug|Any CPU
		{B09DEFA9-9C24-4FCE-95DB-8F53AFD98382}.Debug|Any CPU.Build.0 = Debug|Any CPU
		{B09DEFA9-9C24-4FCE-95DB-8F53AFD98382}.Release|Any CPU.ActiveCfg = Release|Any CPU
		{B09DEFA9-9C24-4FCE-95DB-8F53AFD98382}.Release|Any CPU.Build.0 = Release|Any CPU
		{8789B8B3-A99A-4474-96DB-BF3DD3FE730E}.Debug|Any CPU.ActiveCfg = Debug|Any CPU
		{8789B8B3-A99A-4474-96DB-BF3DD3FE730E}.Debug|Any CPU.Build.0 = Debug|Any CPU
		{8789B8B3-A99A-4474-96DB-BF3DD3FE730E}.Release|Any CPU.ActiveCfg = Release|Any CPU
		{8789B8B3-A99A-4474-96DB-BF3DD3FE730E}.Release|Any CPU.Build.0 = Release|Any CPU
		{8A10E8DE-39FE-477A-9BB0-C9382A929E3A}.Debug|Any CPU.ActiveCfg = Debug|Any CPU
		{8A10E8DE-39FE-477A-9BB0-C9382A929E3A}.Debug|Any CPU.Build.0 = Debug|Any CPU
		{8A10E8DE-39FE-477A-9BB0-C9382A929E3A}.Release|Any CPU.ActiveCfg = Release|Any CPU
		{8A10E8DE-39FE-477A-9BB0-C9382A929E3A}.Release|Any CPU.Build.0 = Release|Any CPU
	EndGlobalSection
	GlobalSection(SolutionProperties) = preSolution
		HideSolutionNode = FALSE
	EndGlobalSection
	GlobalSection(ExtensibilityGlobals) = postSolution
		SolutionGuid = {D5849F55-B3C3-4544-9725-A4D9FE716398}
	EndGlobalSection
EndGlobal
